
Microsoft Visual Studio Solution File, Format Version 12.00
# Visual Studio Version 17
VisualStudioVersion = 17.9.34607.119
MinimumVisualStudioVersion = 10.0.40219.1
Project("{FAE04EC0-301F-11D3-BF4B-00C04F79EFBC}") = "AvaloniaApplication", "AvaloniaApplication.csproj", "{0F531478-0F22-47B1-9CCD-723BC36AE615}"
EndProject
Global
	GlobalSection(SolutionConfigurationPlatforms) = preSolution
		Debug|Any CPU = Debug|Any CPU
		Release|Any CPU = Release|Any CPU
	EndGlobalSection
	GlobalSection(ProjectConfigurationPlatforms) = postSolution
		{0F531478-0F22-47B1-9CCD-723BC36AE615}.Debug|Any CPU.ActiveCfg = Debug|Any CPU
		{0F531478-0F22-47B1-9CCD-723BC36AE615}.Debug|Any CPU.Build.0 = Debug|Any CPU
		{0F531478-0F22-47B1-9CCD-723BC36AE615}.Release|Any CPU.ActiveCfg = Release|Any CPU
		{0F531478-0F22-47B1-9CCD-723BC36AE615}.Release|Any CPU.Build.0 = Release|Any CPU
	EndGlobalSection
	GlobalSection(SolutionProperties) = preSolution
		HideSolutionNode = FALSE
	EndGlobalSection
	GlobalSection(ExtensibilityGlobals) = postSolution
		SolutionGuid = {FBAEC4BC-924E-49A0-B0F1-9B8B555E8725}
	EndGlobalSection
EndGlobal
