
Microsoft Visual Studio Solution File, Format Version 12.00
# Visual Studio Version 17
VisualStudioVersion = 17.5.002.0
MinimumVisualStudioVersion = 10.0.40219.1
Project("{9A19103F-16F7-4668-BE54-9A1E7A4F7556}") = "VolumeSliderAvalonia", "VolumeSliderAvalonia.csproj", "{649E614C-C30E-4BAD-A899-5B9AA0A34A9C}"
EndProject
Global
	GlobalSection(SolutionConfigurationPlatforms) = preSolution
		Debug|Any CPU = Debug|Any CPU
		Release|Any CPU = Release|Any CPU
	EndGlobalSection
	GlobalSection(ProjectConfigurationPlatforms) = postSolution
		{649E614C-C30E-4BAD-A899-5B9AA0A34A9C}.Debug|Any CPU.ActiveCfg = Debug|Any CPU
		{649E614C-C30E-4BAD-A899-5B9AA0A34A9C}.Debug|Any CPU.Build.0 = Debug|Any CPU
		{649E614C-C30E-4BAD-A899-5B9AA0A34A9C}.Release|Any CPU.ActiveCfg = Release|Any CPU
		{649E614C-C30E-4BAD-A899-5B9AA0A34A9C}.Release|Any CPU.Build.0 = Release|Any CPU
	EndGlobalSection
	GlobalSection(SolutionProperties) = preSolution
		HideSolutionNode = FALSE
	EndGlobalSection
	GlobalSection(ExtensibilityGlobals) = postSolution
		SolutionGuid = {33E0C484-F559-440E-BEC5-16EEDEB4EB48}
	EndGlobalSection
EndGlobal
